
Microsoft Visual Studio Solution File, Format Version 12.00
# Visual Studio Version 16
VisualStudioVersion = 16.0.30717.126
MinimumVisualStudioVersion = 10.0.40219.1
Project("{9A19103F-16F7-4668-BE54-9A1E7A4F7556}") = "AdventOfCSharpCode2020", "AdventOfCSharpCode\AdventOfCSharpCode2020.csproj", "{715B52A0-EAF1-4CB9-AA0B-866388776B02}"
EndProject
Project("{9A19103F-16F7-4668-BE54-9A1E7A4F7556}") = "AdventOfCSharpCode2020Test", "AdventOfCSharpCodeTest\AdventOfCSharpCode2020Test.csproj", "{590D4DE6-66EA-4B1F-B839-92D8B9B34086}"
EndProject
Project("{9A19103F-16F7-4668-BE54-9A1E7A4F7556}") = "AdventOfCSharpCodeHelpers", "AdventOfCSharpCodeHelpers\AdventOfCSharpCodeHelpers.csproj", "{37780C18-2D7A-4B5C-AE4F-4344AB68C25B}"
EndProject
Project("{FAE04EC0-301F-11D3-BF4B-00C04F79EFBC}") = "AdventOfCSharpCode2021", "AdventOfCSharpCode2021\AdventOfCSharpCode2021.csproj", "{653C291B-1CD8-4D70-9A66-92E32D611038}"
EndProject
Project("{FAE04EC0-301F-11D3-BF4B-00C04F79EFBC}") = "AdventOfCSharpCode2021Test", "AdventOfCSharpCode2021Test\AdventOfCSharpCode2021Test.csproj", "{D1091A99-5C95-4DDC-B33F-0085F3D775D7}"
EndProject
Global
	GlobalSection(SolutionConfigurationPlatforms) = preSolution
		Debug|Any CPU = Debug|Any CPU
		Release|Any CPU = Release|Any CPU
	EndGlobalSection
	GlobalSection(ProjectConfigurationPlatforms) = postSolution
		{715B52A0-EAF1-4CB9-AA0B-866388776B02}.Debug|Any CPU.ActiveCfg = Debug|Any CPU
		{715B52A0-EAF1-4CB9-AA0B-866388776B02}.Debug|Any CPU.Build.0 = Debug|Any CPU
		{715B52A0-EAF1-4CB9-AA0B-866388776B02}.Release|Any CPU.ActiveCfg = Release|Any CPU
		{715B52A0-EAF1-4CB9-AA0B-866388776B02}.Release|Any CPU.Build.0 = Release|Any CPU
		{590D4DE6-66EA-4B1F-B839-92D8B9B34086}.Debug|Any CPU.ActiveCfg = Debug|Any CPU
		{590D4DE6-66EA-4B1F-B839-92D8B9B34086}.Debug|Any CPU.Build.0 = Debug|Any CPU
		{590D4DE6-66EA-4B1F-B839-92D8B9B34086}.Release|Any CPU.ActiveCfg = Release|Any CPU
		{590D4DE6-66EA-4B1F-B839-92D8B9B34086}.Release|Any CPU.Build.0 = Release|Any CPU
		{37780C18-2D7A-4B5C-AE4F-4344AB68C25B}.Debug|Any CPU.ActiveCfg = Debug|Any CPU
		{37780C18-2D7A-4B5C-AE4F-4344AB68C25B}.Debug|Any CPU.Build.0 = Debug|Any CPU
		{37780C18-2D7A-4B5C-AE4F-4344AB68C25B}.Release|Any CPU.ActiveCfg = Release|Any CPU
		{37780C18-2D7A-4B5C-AE4F-4344AB68C25B}.Release|Any CPU.Build.0 = Release|Any CPU
		{653C291B-1CD8-4D70-9A66-92E32D611038}.Debug|Any CPU.ActiveCfg = Debug|Any CPU
		{653C291B-1CD8-4D70-9A66-92E32D611038}.Debug|Any CPU.Build.0 = Debug|Any CPU
		{653C291B-1CD8-4D70-9A66-92E32D611038}.Release|Any CPU.ActiveCfg = Release|Any CPU
		{653C291B-1CD8-4D70-9A66-92E32D611038}.Release|Any CPU.Build.0 = Release|Any CPU
		{D1091A99-5C95-4DDC-B33F-0085F3D775D7}.Debug|Any CPU.ActiveCfg = Debug|Any CPU
		{D1091A99-5C95-4DDC-B33F-0085F3D775D7}.Debug|Any CPU.Build.0 = Debug|Any CPU
		{D1091A99-5C95-4DDC-B33F-0085F3D775D7}.Release|Any CPU.ActiveCfg = Release|Any CPU
		{D1091A99-5C95-4DDC-B33F-0085F3D775D7}.Release|Any CPU.Build.0 = Release|Any CPU
	EndGlobalSection
	GlobalSection(SolutionProperties) = preSolution
		HideSolutionNode = FALSE
	EndGlobalSection
	GlobalSection(ExtensibilityGlobals) = postSolution
		SolutionGuid = {CCEABC81-D709-4082-A48B-638C67F37F9B}
	EndGlobalSection
EndGlobal
